
Microsoft Visual Studio Solution File, Format Version 12.00
# Visual Studio Version 16
VisualStudioVersion = 16.0.29424.173
MinimumVisualStudioVersion = 10.0.40219.1
Project("{FAE04EC0-301F-11D3-BF4B-00C04F79EFBC}") = "ReloadedAndMobilized", "ReloadedAndMobilized\ReloadedAndMobilized.csproj", "{A88FA8EB-F785-4747-81A9-84F94866BA2E}"
EndProject
Project("{FAE04EC0-301F-11D3-BF4B-00C04F79EFBC}") = "ReloadedAndMobilizedTests", "ReloadedAndMobilizedTests\ReloadedAndMobilizedTests.csproj", "{5596B19C-171F-43AA-BE17-E30702958BA4}"
EndProject
Global
	GlobalSection(SolutionConfigurationPlatforms) = preSolution
		Debug|Any CPU = Debug|Any CPU
		Release|Any CPU = Release|Any CPU
	EndGlobalSection
	GlobalSection(ProjectConfigurationPlatforms) = postSolution
		{A88FA8EB-F785-4747-81A9-84F94866BA2E}.Debug|Any CPU.ActiveCfg = Debug|Any CPU
		{A88FA8EB-F785-4747-81A9-84F94866BA2E}.Debug|Any CPU.Build.0 = Debug|Any CPU
		{A88FA8EB-F785-4747-81A9-84F94866BA2E}.Release|Any CPU.ActiveCfg = Release|Any CPU
		{A88FA8EB-F785-4747-81A9-84F94866BA2E}.Release|Any CPU.Build.0 = Release|Any CPU
		{5596B19C-171F-43AA-BE17-E30702958BA4}.Debug|Any CPU.ActiveCfg = Debug|Any CPU
		{5596B19C-171F-43AA-BE17-E30702958BA4}.Debug|Any CPU.Build.0 = Debug|Any CPU
		{5596B19C-171F-43AA-BE17-E30702958BA4}.Release|Any CPU.ActiveCfg = Release|Any CPU
		{5596B19C-171F-43AA-BE17-E30702958BA4}.Release|Any CPU.Build.0 = Release|Any CPU
	EndGlobalSection
	GlobalSection(SolutionProperties) = preSolution
		HideSolutionNode = FALSE
	EndGlobalSection
	GlobalSection(ExtensibilityGlobals) = postSolution
		SolutionGuid = {3DC84CC0-4401-4BFD-9CD3-A40A1A70FCD6}
	EndGlobalSection
EndGlobal
